{
  "version": 4,
  "terraform_version": "1.4.5",
  "serial": 49,
  "lineage": "fb6008dc-3706-d763-232e-94b2bab2f752",
  "outputs": {
    "web-server-ips": {
      "value": [
        "96.126.111.42",
        "45.79.153.143",
        "45.56.105.240"
      ],
      "type": [
        "tuple",
        [
          "string",
          "string",
          "string"
        ]
      ]
    }
  },
  "resources": [
    {
      "mode": "managed",
      "type": "linode_instance",
      "name": "web-instances",
      "provider": "provider[\"registry.terraform.io/linode/linode\"]",
      "instances": [
        {
          "index_key": 0,
          "schema_version": 0,
          "attributes": {
            "alerts": [
              {
                "cpu": 90,
                "io": 10000,
                "network_in": 10,
                "network_out": 10,
                "transfer_quota": 80
              }
            ],
            "authorized_keys": [
              "ssh-rsa AAAAB3NzaC1yc2EAAAADAQABAAACAQDhbfGuJII/aohQc/Y5h3io3T4jD4jrlS38H/8d82pYH4u6XAjz8x+SnmHlcIVXhpy1J+4iJb24mctfWzQvcGjyzA+J9ZxdHcKPyxHFu22bu0TB7J7KGjIlew2fqeyOEfanhWvqpGRmiYSva1z0vWjrCQiRrOM942wi2WDFe+u56kbZHiaXEm0a4S2/ZNCnM4VkKx8IhnYv+YMNAzIquYwXFIjxIM1dYazFfSeYXoSew40O1UnZfjNvgdFue+8p0NsBWSWe5BnVNrPRT1zRn1JcWPoIgDA7Fo/EghzqEQ8MNcm+J6vwrzIKsIuolef7s8GvgGCxUN6Izalx0Nw8kdQMW4nBiItTIwIL3xEBBKtNoSn+FcypHHtZDgrMBPB6p9tnQxIfUzfLoMldmOIOXpVkBzQ0iL9v7NnW2QOcvlHxKiXdrLZzwhpJHN/G6xva0zYryyNnd5PMWgmBKgdH/MwJO1xrkQ1nM2ShwRFh3+66MaLyoxDvuUyfkNEJopXfsDmnHaGK0bFXBnuaE6zFzYkLLVrK/ugxl4DyuWeEipVpo45AwwvkvmlEkZBu2Is32GaRRxfhaAayRC5wSvkZgo/hTU5S7f7IlGksv5iyQ7NOEldniGvufJyhIFtx4dX4LkBwuM+S27UNiLNtNKNc+1uUUlFqUlTBTjDfoAZawgJImQ== kevinarias@MacBook-2.attlocal.net"
            ],
            "authorized_users": null,
            "backup_id": null,
            "backups": [
              {
                "available": false,
                "enabled": false,
                "schedule": [
                  {
                    "day": "",
                    "window": ""
                  }
                ]
              }
            ],
            "backups_enabled": false,
            "boot_config_label": "My Ubuntu 20.04 LTS Disk Profile",
            "booted": true,
            "config": [
              {
                "comments": "",
                "devices": [
                  {
                    "sda": [
                      {
                        "disk_id": 102681133,
                        "disk_label": "Ubuntu 20.04 LTS Disk",
                        "volume_id": 0
                      }
                    ],
                    "sdb": [
                      {
                        "disk_id": 102681134,
                        "disk_label": "512 MB Swap Image",
                        "volume_id": 0
                      }
                    ],
                    "sdc": [],
                    "sdd": [],
                    "sde": [],
                    "sdf": [],
                    "sdg": [],
                    "sdh": []
                  }
                ],
                "helpers": [
                  {
                    "devtmpfs_automount": true,
                    "distro": true,
                    "modules_dep": true,
                    "network": true,
                    "updatedb_disabled": true
                  }
                ],
                "interface": [],
                "kernel": "linode/grub2",
                "label": "My Ubuntu 20.04 LTS Disk Profile",
                "memory_limit": 0,
                "root_device": "/dev/sda",
                "run_level": "default",
                "virt_mode": "paravirt"
              }
            ],
            "disk": [
              {
                "authorized_keys": [],
                "authorized_users": [],
                "filesystem": "ext4",
                "id": 102681133,
                "image": "",
                "label": "Ubuntu 20.04 LTS Disk",
                "read_only": false,
                "root_pass": "",
                "size": 25088,
                "stackscript_data": {},
                "stackscript_id": 0
              },
              {
                "authorized_keys": [],
                "authorized_users": [],
                "filesystem": "swap",
                "id": 102681134,
                "image": "",
                "label": "512 MB Swap Image",
                "read_only": false,
                "root_pass": "",
                "size": 512,
                "stackscript_data": {},
                "stackscript_id": 0
              }
            ],
            "group": "",
            "host_uuid": "adecadf6a4589c5801e63f828d6e7022b4db1322",
            "id": "51742357",
            "image": "linode/ubuntu20.04",
            "interface": [],
            "ip_address": "96.126.111.42",
            "ipv4": [
              "192.168.136.47",
              "96.126.111.42"
            ],
            "ipv6": "2600:3c03::f03c:93ff:fe67:396a/128",
            "label": "web-0",
            "private_ip": true,
            "private_ip_address": "192.168.136.47",
            "region": "us-east",
            "resize_disk": false,
            "root_pass": "TUd6ClXJkOT7cNdOezS6A0690XdGH1jbmCwuObelD1lIUXSsgbEHckGnfijpz9i0FFKniDzCLxd9KMmXu5nLrg==",
            "shared_ipv4": [],
            "specs": [
              {
                "disk": 25600,
                "memory": 1024,
                "transfer": 1000,
                "vcpus": 1
              }
            ],
            "stackscript_data": null,
            "stackscript_id": null,
            "status": "running",
            "swap_size": 512,
            "tags": null,
            "timeouts": null,
            "type": "g6-nanode-1",
            "watchdog_enabled": true
          },
          "sensitive_attributes": [
            [
              {
                "type": "get_attr",
                "value": "root_pass"
              }
            ]
          ],
          "private": "eyJlMmJmYjczMC1lY2FhLTExZTYtOGY4OC0zNDM2M2JjN2M0YzAiOnsiY3JlYXRlIjo2MDAwMDAwMDAwMDAsImRlbGV0ZSI6NjAwMDAwMDAwMDAwLCJ1cGRhdGUiOjEyMDAwMDAwMDAwMDB9fQ=="
        },
        {
          "index_key": 1,
          "schema_version": 0,
          "attributes": {
            "alerts": [
              {
                "cpu": 90,
                "io": 10000,
                "network_in": 10,
                "network_out": 10,
                "transfer_quota": 80
              }
            ],
            "authorized_keys": [
              "ssh-rsa AAAAB3NzaC1yc2EAAAADAQABAAACAQDhbfGuJII/aohQc/Y5h3io3T4jD4jrlS38H/8d82pYH4u6XAjz8x+SnmHlcIVXhpy1J+4iJb24mctfWzQvcGjyzA+J9ZxdHcKPyxHFu22bu0TB7J7KGjIlew2fqeyOEfanhWvqpGRmiYSva1z0vWjrCQiRrOM942wi2WDFe+u56kbZHiaXEm0a4S2/ZNCnM4VkKx8IhnYv+YMNAzIquYwXFIjxIM1dYazFfSeYXoSew40O1UnZfjNvgdFue+8p0NsBWSWe5BnVNrPRT1zRn1JcWPoIgDA7Fo/EghzqEQ8MNcm+J6vwrzIKsIuolef7s8GvgGCxUN6Izalx0Nw8kdQMW4nBiItTIwIL3xEBBKtNoSn+FcypHHtZDgrMBPB6p9tnQxIfUzfLoMldmOIOXpVkBzQ0iL9v7NnW2QOcvlHxKiXdrLZzwhpJHN/G6xva0zYryyNnd5PMWgmBKgdH/MwJO1xrkQ1nM2ShwRFh3+66MaLyoxDvuUyfkNEJopXfsDmnHaGK0bFXBnuaE6zFzYkLLVrK/ugxl4DyuWeEipVpo45AwwvkvmlEkZBu2Is32GaRRxfhaAayRC5wSvkZgo/hTU5S7f7IlGksv5iyQ7NOEldniGvufJyhIFtx4dX4LkBwuM+S27UNiLNtNKNc+1uUUlFqUlTBTjDfoAZawgJImQ== kevinarias@MacBook-2.attlocal.net"
            ],
            "authorized_users": null,
            "backup_id": null,
            "backups": [
              {
                "available": false,
                "enabled": false,
                "schedule": [
                  {
                    "day": "",
                    "window": ""
                  }
                ]
              }
            ],
            "backups_enabled": false,
            "boot_config_label": "My Ubuntu 20.04 LTS Disk Profile",
            "booted": true,
            "config": [
              {
                "comments": "",
                "devices": [
                  {
                    "sda": [
                      {
                        "disk_id": 102681143,
                        "disk_label": "Ubuntu 20.04 LTS Disk",
                        "volume_id": 0
                      }
                    ],
                    "sdb": [
                      {
                        "disk_id": 102681144,
                        "disk_label": "512 MB Swap Image",
                        "volume_id": 0
                      }
                    ],
                    "sdc": [],
                    "sdd": [],
                    "sde": [],
                    "sdf": [],
                    "sdg": [],
                    "sdh": []
                  }
                ],
                "helpers": [
                  {
                    "devtmpfs_automount": true,
                    "distro": true,
                    "modules_dep": true,
                    "network": true,
                    "updatedb_disabled": true
                  }
                ],
                "interface": [],
                "kernel": "linode/grub2",
                "label": "My Ubuntu 20.04 LTS Disk Profile",
                "memory_limit": 0,
                "root_device": "/dev/sda",
                "run_level": "default",
                "virt_mode": "paravirt"
              }
            ],
            "disk": [
              {
                "authorized_keys": [],
                "authorized_users": [],
                "filesystem": "ext4",
                "id": 102681143,
                "image": "",
                "label": "Ubuntu 20.04 LTS Disk",
                "read_only": false,
                "root_pass": "",
                "size": 25088,
                "stackscript_data": {},
                "stackscript_id": 0
              },
              {
                "authorized_keys": [],
                "authorized_users": [],
                "filesystem": "swap",
                "id": 102681144,
                "image": "",
                "label": "512 MB Swap Image",
                "read_only": false,
                "root_pass": "",
                "size": 512,
                "stackscript_data": {},
                "stackscript_id": 0
              }
            ],
            "group": "",
            "host_uuid": "4446dbb47f6abbf4d631e8cd15dc306014de7fcc",
            "id": "51742362",
            "image": "linode/ubuntu20.04",
            "interface": [],
            "ip_address": "45.79.153.143",
            "ipv4": [
              "192.168.175.49",
              "45.79.153.143"
            ],
            "ipv6": "2600:3c03::f03c:93ff:fe67:396f/128",
            "label": "web-1",
            "private_ip": true,
            "private_ip_address": "192.168.175.49",
            "region": "us-east",
            "resize_disk": false,
            "root_pass": "TUd6ClXJkOT7cNdOezS6A0690XdGH1jbmCwuObelD1lIUXSsgbEHckGnfijpz9i0FFKniDzCLxd9KMmXu5nLrg==",
            "shared_ipv4": [],
            "specs": [
              {
                "disk": 25600,
                "memory": 1024,
                "transfer": 1000,
                "vcpus": 1
              }
            ],
            "stackscript_data": null,
            "stackscript_id": null,
            "status": "running",
            "swap_size": 512,
            "tags": null,
            "timeouts": null,
            "type": "g6-nanode-1",
            "watchdog_enabled": true
          },
          "sensitive_attributes": [
            [
              {
                "type": "get_attr",
                "value": "root_pass"
              }
            ]
          ],
          "private": "eyJlMmJmYjczMC1lY2FhLTExZTYtOGY4OC0zNDM2M2JjN2M0YzAiOnsiY3JlYXRlIjo2MDAwMDAwMDAwMDAsImRlbGV0ZSI6NjAwMDAwMDAwMDAwLCJ1cGRhdGUiOjEyMDAwMDAwMDAwMDB9fQ=="
        },
        {
          "index_key": 2,
          "schema_version": 0,
          "attributes": {
            "alerts": [
              {
                "cpu": 90,
                "io": 10000,
                "network_in": 10,
                "network_out": 10,
                "transfer_quota": 80
              }
            ],
            "authorized_keys": [
              "ssh-rsa AAAAB3NzaC1yc2EAAAADAQABAAACAQDhbfGuJII/aohQc/Y5h3io3T4jD4jrlS38H/8d82pYH4u6XAjz8x+SnmHlcIVXhpy1J+4iJb24mctfWzQvcGjyzA+J9ZxdHcKPyxHFu22bu0TB7J7KGjIlew2fqeyOEfanhWvqpGRmiYSva1z0vWjrCQiRrOM942wi2WDFe+u56kbZHiaXEm0a4S2/ZNCnM4VkKx8IhnYv+YMNAzIquYwXFIjxIM1dYazFfSeYXoSew40O1UnZfjNvgdFue+8p0NsBWSWe5BnVNrPRT1zRn1JcWPoIgDA7Fo/EghzqEQ8MNcm+J6vwrzIKsIuolef7s8GvgGCxUN6Izalx0Nw8kdQMW4nBiItTIwIL3xEBBKtNoSn+FcypHHtZDgrMBPB6p9tnQxIfUzfLoMldmOIOXpVkBzQ0iL9v7NnW2QOcvlHxKiXdrLZzwhpJHN/G6xva0zYryyNnd5PMWgmBKgdH/MwJO1xrkQ1nM2ShwRFh3+66MaLyoxDvuUyfkNEJopXfsDmnHaGK0bFXBnuaE6zFzYkLLVrK/ugxl4DyuWeEipVpo45AwwvkvmlEkZBu2Is32GaRRxfhaAayRC5wSvkZgo/hTU5S7f7IlGksv5iyQ7NOEldniGvufJyhIFtx4dX4LkBwuM+S27UNiLNtNKNc+1uUUlFqUlTBTjDfoAZawgJImQ== kevinarias@MacBook-2.attlocal.net"
            ],
            "authorized_users": null,
            "backup_id": null,
            "backups": [
              {
                "available": false,
                "enabled": false,
                "schedule": [
                  {
                    "day": "",
                    "window": ""
                  }
                ]
              }
            ],
            "backups_enabled": false,
            "boot_config_label": "My Ubuntu 20.04 LTS Disk Profile",
            "booted": true,
            "config": [
              {
                "comments": "",
                "devices": [
                  {
                    "sda": [
                      {
                        "disk_id": 102681139,
                        "disk_label": "Ubuntu 20.04 LTS Disk",
                        "volume_id": 0
                      }
                    ],
                    "sdb": [
                      {
                        "disk_id": 102681140,
                        "disk_label": "512 MB Swap Image",
                        "volume_id": 0
                      }
                    ],
                    "sdc": [],
                    "sdd": [],
                    "sde": [],
                    "sdf": [],
                    "sdg": [],
                    "sdh": []
                  }
                ],
                "helpers": [
                  {
                    "devtmpfs_automount": true,
                    "distro": true,
                    "modules_dep": true,
                    "network": true,
                    "updatedb_disabled": true
                  }
                ],
                "interface": [],
                "kernel": "linode/grub2",
                "label": "My Ubuntu 20.04 LTS Disk Profile",
                "memory_limit": 0,
                "root_device": "/dev/sda",
                "run_level": "default",
                "virt_mode": "paravirt"
              }
            ],
            "disk": [
              {
                "authorized_keys": [],
                "authorized_users": [],
                "filesystem": "ext4",
                "id": 102681139,
                "image": "",
                "label": "Ubuntu 20.04 LTS Disk",
                "read_only": false,
                "root_pass": "",
                "size": 25088,
                "stackscript_data": {},
                "stackscript_id": 0
              },
              {
                "authorized_keys": [],
                "authorized_users": [],
                "filesystem": "swap",
                "id": 102681140,
                "image": "",
                "label": "512 MB Swap Image",
                "read_only": false,
                "root_pass": "",
                "size": 512,
                "stackscript_data": {},
                "stackscript_id": 0
              }
            ],
            "group": "",
            "host_uuid": "c80697a3885e86c6e55f1d829ad0e30dae1fb60c",
            "id": "51742360",
            "image": "linode/ubuntu20.04",
            "interface": [],
            "ip_address": "45.56.105.240",
            "ipv4": [
              "192.168.136.72",
              "45.56.105.240"
            ],
            "ipv6": "2600:3c03::f03c:93ff:fe67:3983/128",
            "label": "web-2",
            "private_ip": true,
            "private_ip_address": "192.168.136.72",
            "region": "us-east",
            "resize_disk": false,
            "root_pass": "TUd6ClXJkOT7cNdOezS6A0690XdGH1jbmCwuObelD1lIUXSsgbEHckGnfijpz9i0FFKniDzCLxd9KMmXu5nLrg==",
            "shared_ipv4": [],
            "specs": [
              {
                "disk": 25600,
                "memory": 1024,
                "transfer": 1000,
                "vcpus": 1
              }
            ],
            "stackscript_data": null,
            "stackscript_id": null,
            "status": "running",
            "swap_size": 512,
            "tags": null,
            "timeouts": null,
            "type": "g6-nanode-1",
            "watchdog_enabled": true
          },
          "sensitive_attributes": [
            [
              {
                "type": "get_attr",
                "value": "root_pass"
              }
            ]
          ],
          "private": "eyJlMmJmYjczMC1lY2FhLTExZTYtOGY4OC0zNDM2M2JjN2M0YzAiOnsiY3JlYXRlIjo2MDAwMDAwMDAwMDAsImRlbGV0ZSI6NjAwMDAwMDAwMDAwLCJ1cGRhdGUiOjEyMDAwMDAwMDAwMDB9fQ=="
        }
      ]
    }
  ],
  "check_results": null
}
